<?xml version="1.0" encoding="utf-8"?>
<Project ToolsVersion="4.0" xmlns="http://schemas.microsoft.com/developer/msbuild/2003">
  <ItemGroup>
    <Filter Include="Source Files">
      <UniqueIdentifier>{4FC737F1-C7A5-4376-A066-2A32D752A2FF}</UniqueIdentifier>
      <Extensions>cpp;c;cc;cxx;c++;cppm;ixx;def;odl;idl;hpj;bat;asm;asmx</Extensions>
    </Filter>
    <Filter Include="Header Files">
      <UniqueIdentifier>{93995380-89BD-4b04-88EB-625FBE52EBFB}</UniqueIdentifier>
      <Extensions>h;hh;hpp;hxx;h++;hm;inl;inc;ipp;xsd</Extensions>
    </Filter>
    <Filter Include="Resource Files">
      <UniqueIdentifier>{67DA6AB6-F800-4c08-8B7A-83BB121AAD01}</UniqueIdentifier>
      <Extensions>rc;ico;cur;bmp;dlg;rc2;rct;bin;rgs;gif;jpg;jpeg;jpe;resx;tiff;tif;png;wav;mfcribbon-ms</Extensions>
    </Filter>
    <Filter Include="Source Files\GraphicsEngine">
      <UniqueIdentifier>{e5611fb4-4efe-41de-9fd2-1d80d5782296}</UniqueIdentifier>
    </Filter>
    <Filter Include="ObjectClasses-General">
      <UniqueIdentifier>{6755c463-e18f-4edf-8b1d-fb08b63a3f71}</UniqueIdentifier>
    </Filter>
    <Filter Include="ObjectClasses-Specific">
      <UniqueIdentifier>{2b6baa07-7036-4a4a-b509-8ff8bcd71a37}</UniqueIdentifier>
    </Filter>
  </ItemGroup>
  <ItemGroup>
    <ClCompile Include="Buffers.cpp">
      <Filter>Source Files\GraphicsEngine</Filter>
    </ClCompile>
    <ClCompile Include="Debug.cpp">
      <Filter>Source Files\GraphicsEngine</Filter>
    </ClCompile>
    <ClCompile Include="Devices.cpp">
      <Filter>Source Files\GraphicsEngine</Filter>
    </ClCompile>
    <ClCompile Include="GraphicsEngine.cpp">
      <Filter>Source Files\GraphicsEngine</Filter>
    </ClCompile>
    <ClCompile Include="SwapChain.cpp">
      <Filter>Source Files\GraphicsEngine</Filter>
    </ClCompile>
    <ClCompile Include="frame.cpp">
      <Filter>Source Files\GraphicsEngine</Filter>
    </ClCompile>
    <ClCompile Include="GraphicalObject.cpp">
      <Filter>Source Files\GraphicsEngine</Filter>
    </ClCompile>
    <ClCompile Include="Main.cpp">
      <Filter>Source Files</Filter>
    </ClCompile>
    <ClCompile Include="App.cpp">
      <Filter>Source Files</Filter>
    </ClCompile>
    <ClCompile Include="FileUtil.cpp">
      <Filter>Source Files\GraphicsEngine</Filter>
    </ClCompile>
    <ClCompile Include="Spatial.cpp">
      <Filter>Source Files\GraphicsEngine</Filter>
    </ClCompile>
    <ClCompile Include="Callbacks.cpp">
      <Filter>Source Files\GraphicsEngine</Filter>
    </ClCompile>
    <ClCompile Include="BaseObject.cpp">
      <Filter>ObjectClasses-General</Filter>
    </ClCompile>
    <ClCompile Include="bouncingRectangle.cpp">
      <Filter>ObjectClasses-Specific</Filter>
    </ClCompile>
  </ItemGroup>
  <ItemGroup>
    <ClInclude Include="Spatial.h">
      <Filter>Header Files</Filter>
    </ClInclude>
    <ClInclude Include="GraphicsEngine.h">
      <Filter>Header Files</Filter>
    </ClInclude>
    <ClInclude Include="GraphicalObject.h">
      <Filter>Header Files</Filter>
    </ClInclude>
    <ClInclude Include="FileUtil.h">
      <Filter>Header Files</Filter>
    </ClInclude>
    <ClInclude Include="App.h">
      <Filter>Header Files</Filter>
    </ClInclude>
    <ClInclude Include="BaseObject.h">
      <Filter>ObjectClasses-General</Filter>
    </ClInclude>
    <ClInclude Include="bouncingRectangle.h">
      <Filter>ObjectClasses-Specific</Filter>
    </ClInclude>
    <ClInclude Include="ObjectClasses-Specific.h">
      <Filter>ObjectClasses-Specific</Filter>
    </ClInclude>
    <ClInclude Include="ObjectClasses-General.h">
      <Filter>ObjectClasses-General</Filter>
    </ClInclude>
  </ItemGroup>
</Project>