
Microsoft Visual Studio Solution File, Format Version 12.00
# Visual Studio Version 16
VisualStudioVersion = 16.0.31229.75
MinimumVisualStudioVersion = 10.0.40219.1
Project("{8BC9CEB8-8B4A-11D0-8D11-00A0C91BC942}") = "vulkanUserInput-2Project", "vulkanUserInput-2Project.vcxproj", "{1858F9AC-4B5D-41A5-8679-90EAF6488A65}"
EndProject
Global
	GlobalSection(SolutionConfigurationPlatforms) = preSolution
		Debug|x64 = Debug|x64
		Debug|x86 = Debug|x86
		Release|x64 = Release|x64
		Release|x86 = Release|x86
	EndGlobalSection
	GlobalSection(ProjectConfigurationPlatforms) = postSolution
		{1858F9AC-4B5D-41A5-8679-90EAF6488A65}.Debug|x64.ActiveCfg = Debug|x64
		{1858F9AC-4B5D-41A5-8679-90EAF6488A65}.Debug|x64.Build.0 = Debug|x64
		{1858F9AC-4B5D-41A5-8679-90EAF6488A65}.Debug|x86.ActiveCfg = Debug|Win32
		{1858F9AC-4B5D-41A5-8679-90EAF6488A65}.Debug|x86.Build.0 = Debug|Win32
		{1858F9AC-4B5D-41A5-8679-90EAF6488A65}.Release|x64.ActiveCfg = Release|x64
		{1858F9AC-4B5D-41A5-8679-90EAF6488A65}.Release|x64.Build.0 = Release|x64
		{1858F9AC-4B5D-41A5-8679-90EAF6488A65}.Release|x86.ActiveCfg = Release|Win32
		{1858F9AC-4B5D-41A5-8679-90EAF6488A65}.Release|x86.Build.0 = Release|Win32
	EndGlobalSection
	GlobalSection(SolutionProperties) = preSolution
		HideSolutionNode = FALSE
	EndGlobalSection
	GlobalSection(ExtensibilityGlobals) = postSolution
		SolutionGuid = {82E54470-8FDA-4543-9E38-EC4FF735D42C}
	EndGlobalSection
EndGlobal
